
Microsoft Visual Studio Solution File, Format Version 12.00
# Visual Studio Version 17
VisualStudioVersion = 17.3.32901.215
MinimumVisualStudioVersion = 10.0.40219.1
Project("{888888A0-9F3D-457C-B088-3A5042F75D52}") = "Repetion uppgift 3", "Repetion uppgift 3\Repetion uppgift 3.pyproj", "{B7E358C7-9A70-43F7-AEC3-C72F3FA3F2EF}"
EndProject
Global
	GlobalSection(SolutionConfigurationPlatforms) = preSolution
		Debug|Any CPU = Debug|Any CPU
		Release|Any CPU = Release|Any CPU
	EndGlobalSection
	GlobalSection(ProjectConfigurationPlatforms) = postSolution
		{B7E358C7-9A70-43F7-AEC3-C72F3FA3F2EF}.Debug|Any CPU.ActiveCfg = Debug|Any CPU
		{B7E358C7-9A70-43F7-AEC3-C72F3FA3F2EF}.Release|Any CPU.ActiveCfg = Release|Any CPU
	EndGlobalSection
	GlobalSection(SolutionProperties) = preSolution
		HideSolutionNode = FALSE
	EndGlobalSection
	GlobalSection(ExtensibilityGlobals) = postSolution
		SolutionGuid = {85C3D5AA-37BC-4262-88F6-CCE3B921992C}
	EndGlobalSection
EndGlobal
